
Microsoft Visual Studio Solution File, Format Version 12.00
# Visual Studio Version 17
VisualStudioVersion = 17.3.32929.385
MinimumVisualStudioVersion = 10.0.40219.1
Project("{54A90642-561A-4BB1-A94E-469ADEE60C69}") = "Joakim_Skill_Test", "Joakim_Skill_Test\Joakim_Skill_Test.esproj", "{524CC342-CF26-4386-B239-366EE70FBA04}"
EndProject
Project("{9A19103F-16F7-4668-BE54-9A1E7A4F7556}") = "_Skill_Test_Web_API", "Skill_Test_Web_API\_Skill_Test_Web_API.csproj", "{6692F29D-6CE1-4B0B-94A1-2EBA7E6B709A}"
EndProject
Global
	GlobalSection(SolutionConfigurationPlatforms) = preSolution
		Debug|Any CPU = Debug|Any CPU
		Release|Any CPU = Release|Any CPU
	EndGlobalSection
	GlobalSection(ProjectConfigurationPlatforms) = postSolution
		{524CC342-CF26-4386-B239-366EE70FBA04}.Debug|Any CPU.ActiveCfg = Debug|Any CPU
		{524CC342-CF26-4386-B239-366EE70FBA04}.Debug|Any CPU.Build.0 = Debug|Any CPU
		{524CC342-CF26-4386-B239-366EE70FBA04}.Debug|Any CPU.Deploy.0 = Debug|Any CPU
		{524CC342-CF26-4386-B239-366EE70FBA04}.Release|Any CPU.ActiveCfg = Release|Any CPU
		{524CC342-CF26-4386-B239-366EE70FBA04}.Release|Any CPU.Build.0 = Release|Any CPU
		{524CC342-CF26-4386-B239-366EE70FBA04}.Release|Any CPU.Deploy.0 = Release|Any CPU
		{6692F29D-6CE1-4B0B-94A1-2EBA7E6B709A}.Debug|Any CPU.ActiveCfg = Debug|Any CPU
		{6692F29D-6CE1-4B0B-94A1-2EBA7E6B709A}.Debug|Any CPU.Build.0 = Debug|Any CPU
		{6692F29D-6CE1-4B0B-94A1-2EBA7E6B709A}.Release|Any CPU.ActiveCfg = Release|Any CPU
		{6692F29D-6CE1-4B0B-94A1-2EBA7E6B709A}.Release|Any CPU.Build.0 = Release|Any CPU
	EndGlobalSection
	GlobalSection(SolutionProperties) = preSolution
		HideSolutionNode = FALSE
	EndGlobalSection
	GlobalSection(ExtensibilityGlobals) = postSolution
		SolutionGuid = {3AA692B4-5407-48AC-8F39-D2818FB017BB}
	EndGlobalSection
EndGlobal
